
Microsoft Visual Studio Solution File, Format Version 12.00
# Visual Studio Version 17
VisualStudioVersion = 17.6.33723.286
MinimumVisualStudioVersion = 10.0.40219.1
Project("{FAE04EC0-301F-11D3-BF4B-00C04F79EFBC}") = "GymManagement", "GymManagement\GymManagement.csproj", "{F5DF3CE3-A20E-4B7F-BFCD-1EB2DDC4C489}"
EndProject
Global
	GlobalSection(SolutionConfigurationPlatforms) = preSolution
		Debug|Any CPU = Debug|Any CPU
		Release|Any CPU = Release|Any CPU
	EndGlobalSection
	GlobalSection(ProjectConfigurationPlatforms) = postSolution
		{F5DF3CE3-A20E-4B7F-BFCD-1EB2DDC4C489}.Debug|Any CPU.ActiveCfg = Debug|Any CPU
		{F5DF3CE3-A20E-4B7F-BFCD-1EB2DDC4C489}.Debug|Any CPU.Build.0 = Debug|Any CPU
		{F5DF3CE3-A20E-4B7F-BFCD-1EB2DDC4C489}.Release|Any CPU.ActiveCfg = Release|Any CPU
		{F5DF3CE3-A20E-4B7F-BFCD-1EB2DDC4C489}.Release|Any CPU.Build.0 = Release|Any CPU
	EndGlobalSection
	GlobalSection(SolutionProperties) = preSolution
		HideSolutionNode = FALSE
	EndGlobalSection
	GlobalSection(ExtensibilityGlobals) = postSolution
		SolutionGuid = {8B673999-F4CB-41B4-A1D7-2005AFE6DDD1}
	EndGlobalSection
EndGlobal
